
Microsoft Visual Studio Solution File, Format Version 12.00
# Visual Studio 2012
Project("{8BC9CEB8-8B4A-11D0-8D11-00A0C91BC942}") = "phonons", "phonons\phonons.vcxproj", "{DB5CE95F-04C6-4494-84A3-A29E5D17C1B7}"
EndProject
Project("{8BC9CEB8-8B4A-11D0-8D11-00A0C91BC942}") = "alm_c++", "alm_c++\alm_c++.vcxproj", "{8AD74720-83A1-4CC5-9AF9-B9570227B170}"
EndProject
Project("{8BC9CEB8-8B4A-11D0-8D11-00A0C91BC942}") = "analyzer", "analyzer\analyzer.vcxproj", "{37D11B8D-265E-4FE3-8603-763659CA3AE5}"
EndProject
Global
	GlobalSection(SolutionConfigurationPlatforms) = preSolution
		Debug|Win32 = Debug|Win32
		Release|Win32 = Release|Win32
	EndGlobalSection
	GlobalSection(ProjectConfigurationPlatforms) = postSolution
		{DB5CE95F-04C6-4494-84A3-A29E5D17C1B7}.Debug|Win32.ActiveCfg = Debug|Win32
		{DB5CE95F-04C6-4494-84A3-A29E5D17C1B7}.Debug|Win32.Build.0 = Debug|Win32
		{DB5CE95F-04C6-4494-84A3-A29E5D17C1B7}.Release|Win32.ActiveCfg = Release|Win32
		{DB5CE95F-04C6-4494-84A3-A29E5D17C1B7}.Release|Win32.Build.0 = Release|Win32
		{8AD74720-83A1-4CC5-9AF9-B9570227B170}.Debug|Win32.ActiveCfg = Debug|Win32
		{8AD74720-83A1-4CC5-9AF9-B9570227B170}.Debug|Win32.Build.0 = Debug|Win32
		{8AD74720-83A1-4CC5-9AF9-B9570227B170}.Release|Win32.ActiveCfg = Release|Win32
		{8AD74720-83A1-4CC5-9AF9-B9570227B170}.Release|Win32.Build.0 = Release|Win32
		{37D11B8D-265E-4FE3-8603-763659CA3AE5}.Debug|Win32.ActiveCfg = Debug|Win32
		{37D11B8D-265E-4FE3-8603-763659CA3AE5}.Debug|Win32.Build.0 = Debug|Win32
		{37D11B8D-265E-4FE3-8603-763659CA3AE5}.Release|Win32.ActiveCfg = Release|Win32
		{37D11B8D-265E-4FE3-8603-763659CA3AE5}.Release|Win32.Build.0 = Release|Win32
	EndGlobalSection
	GlobalSection(SolutionProperties) = preSolution
		HideSolutionNode = FALSE
	EndGlobalSection
EndGlobal
